
Microsoft Visual Studio Solution File, Format Version 12.00
# Visual Studio for Mac
Project("{FAE04EC0-301F-11D3-BF4B-00C04F79EFBC}") = "Assembly-CSharp", "Assembly-CSharp.csproj", "{2E4C96B7-809C-7CE2-2278-79E23EA30E14}"
EndProject
Global
	GlobalSection(SolutionConfigurationPlatforms) = preSolution
		Debug|Any CPU = Debug|Any CPU
		Release|Any CPU = Release|Any CPU
	EndGlobalSection
	GlobalSection(ProjectConfigurationPlatforms) = postSolution
		{2E4C96B7-809C-7CE2-2278-79E23EA30E14}.Debug|Any CPU.ActiveCfg = Debug|Any CPU
		{2E4C96B7-809C-7CE2-2278-79E23EA30E14}.Debug|Any CPU.Build.0 = Debug|Any CPU
		{2E4C96B7-809C-7CE2-2278-79E23EA30E14}.Release|Any CPU.ActiveCfg = Release|Any CPU
		{2E4C96B7-809C-7CE2-2278-79E23EA30E14}.Release|Any CPU.Build.0 = Release|Any CPU
	EndGlobalSection
	GlobalSection(SolutionProperties) = preSolution
		HideSolutionNode = FALSE
	EndGlobalSection
EndGlobal
